// !$*UTF8*$!
{
	archiveVersion = 1;
	classes = {
	};
	objectVersion = 55;
	objects = {

/* Begin PBXBuildFile section */
		A537FFCF2794857A009EB611 /* playListWebViewController.swift in Sources */ = {isa = PBXBuildFile; fileRef = A537FFCE2794857A009EB611 /* playListWebViewController.swift */; };
		A556102A279271CA008FFEDD /* AppDelegate.swift in Sources */ = {isa = PBXBuildFile; fileRef = A5561029279271CA008FFEDD /* AppDelegate.swift */; };
		A556102C279271CA008FFEDD /* SceneDelegate.swift in Sources */ = {isa = PBXBuildFile; fileRef = A556102B279271CA008FFEDD /* SceneDelegate.swift */; };
		A556102E279271CA008FFEDD /* ViewController.swift in Sources */ = {isa = PBXBuildFile; fileRef = A556102D279271CA008FFEDD /* ViewController.swift */; };
		A5561031279271CA008FFEDD /* Main.storyboard in Resources */ = {isa = PBXBuildFile; fileRef = A556102F279271CA008FFEDD /* Main.storyboard */; };
		A5561033279271CD008FFEDD /* Assets.xcassets in Resources */ = {isa = PBXBuildFile; fileRef = A5561032279271CD008FFEDD /* Assets.xcassets */; };
		A5561036279271CD008FFEDD /* LaunchScreen.storyboard in Resources */ = {isa = PBXBuildFile; fileRef = A5561034279271CD008FFEDD /* LaunchScreen.storyboard */; };
		A556103E2792721E008FFEDD /* songInfo.swift in Sources */ = {isa = PBXBuildFile; fileRef = A556103D2792721E008FFEDD /* songInfo.swift */; };
		A5561040279275F4008FFEDD /* playListTableViewController.swift in Sources */ = {isa = PBXBuildFile; fileRef = A556103F279275F4008FFEDD /* playListTableViewController.swift */; };
		A5965D8B2792A4D700AE92EB /* playListTableViewCell.swift in Sources */ = {isa = PBXBuildFile; fileRef = A5965D8A2792A4D700AE92EB /* playListTableViewCell.swift */; };
/* End PBXBuildFile section */

/* Begin PBXFileReference section */
		A537FFCE2794857A009EB611 /* playListWebViewController.swift */ = {isa = PBXFileReference; lastKnownFileType = sourcecode.swift; path = playListWebViewController.swift; sourceTree = "<group>"; };
		A5561026279271CA008FFEDD /* TableViewMusicPlayer.app */ = {isa = PBXFileReference; explicitFileType = wrapper.application; includeInIndex = 0; path = TableViewMusicPlayer.app; sourceTree = BUILT_PRODUCTS_DIR; };
		A5561029279271CA008FFEDD /* AppDelegate.swift */ = {isa = PBXFileReference; lastKnownFileType = sourcecode.swift; path = AppDelegate.swift; sourceTree = "<group>"; };
		A556102B279271CA008FFEDD /* SceneDelegate.swift */ = {isa = PBXFileReference; lastKnownFileType = sourcecode.swift; path = SceneDelegate.swift; sourceTree = "<group>"; };
		A556102D279271CA008FFEDD /* ViewController.swift */ = {isa = PBXFileReference; lastKnownFileType = sourcecode.swift; path = ViewController.swift; sourceTree = "<group>"; };
		A5561030279271CA008FFEDD /* Base */ = {isa = PBXFileReference; lastKnownFileType = file.storyboard; name = Base; path = Base.lproj/Main.storyboard; sourceTree = "<group>"; };
		A5561032279271CD008FFEDD /* Assets.xcassets */ = {isa = PBXFileReference; lastKnownFileType = folder.assetcatalog; path = Assets.xcassets; sourceTree = "<group>"; };
		A5561035279271CD008FFEDD /* Base */ = {isa = PBXFileReference; lastKnownFileType = file.storyboard; name = Base; path = Base.lproj/LaunchScreen.storyboard; sourceTree = "<group>"; };
		A5561037279271CD008FFEDD /* Info.plist */ = {isa = PBXFileReference; lastKnownFileType = text.plist.xml; path = Info.plist; sourceTree = "<group>"; };
		A556103D2792721E008FFEDD /* songInfo.swift */ = {isa = PBXFileReference; lastKnownFileType = sourcecode.swift; path = songInfo.swift; sourceTree = "<group>"; };
		A556103F279275F4008FFEDD /* playListTableViewController.swift */ = {isa = PBXFileReference; lastKnownFileType = sourcecode.swift; path = playListTableViewController.swift; sourceTree = "<group>"; };
		A5965D8A2792A4D700AE92EB /* playListTableViewCell.swift */ = {isa = PBXFileReference; lastKnownFileType = sourcecode.swift; path = playListTableViewCell.swift; sourceTree = "<group>"; };
/* End PBXFileReference section */

/* Begin PBXFrameworksBuildPhase section */
		A5561023279271CA008FFEDD /* Frameworks */ = {
			isa = PBXFrameworksBuildPhase;
			buildActionMask = 2147483647;
			files = (
			);
			runOnlyForDeploymentPostprocessing = 0;
		};
/* End PBXFrameworksBuildPhase section */

/* Begin PBXGroup section */
		A556101D279271CA008FFEDD = {
			isa = PBXGroup;
			children = (
				A5561028279271CA008FFEDD /* TableViewMusicPlayer */,
				A5561027279271CA008FFEDD /* Products */,
			);
			sourceTree = "<group>";
		};
		A5561027279271CA008FFEDD /* Products */ = {
			isa = PBXGroup;
			children = (
				A5561026279271CA008FFEDD /* TableViewMusicPlayer.app */,
			);
			name = Products;
			sourceTree = "<group>";
		};
		A5561028279271CA008FFEDD /* TableViewMusicPlayer */ = {
			isa = PBXGroup;
			children = (
				A556103D2792721E008FFEDD /* songInfo.swift */,
				A5561029279271CA008FFEDD /* AppDelegate.swift */,
				A556102B279271CA008FFEDD /* SceneDelegate.swift */,
				A556102D279271CA008FFEDD /* ViewController.swift */,
				A556102F279271CA008FFEDD /* Main.storyboard */,
				A537FFCE2794857A009EB611 /* playListWebViewController.swift */,
				A556103F279275F4008FFEDD /* playListTableViewController.swift */,
				A5965D8A2792A4D700AE92EB /* playListTableViewCell.swift */,
				A5561032279271CD008FFEDD /* Assets.xcassets */,
				A5561034279271CD008FFEDD /* LaunchScreen.storyboard */,
				A5561037279271CD008FFEDD /* Info.plist */,
			);
			path = TableViewMusicPlayer;
			sourceTree = "<group>";
		};
/* End PBXGroup section */

/* Begin PBXNativeTarget section */
		A5561025279271CA008FFEDD /* TableViewMusicPlayer */ = {
			isa = PBXNativeTarget;
			buildConfigurationList = A556103A279271CD008FFEDD /* Build configuration list for PBXNativeTarget "TableViewMusicPlayer" */;
			buildPhases = (
				A5561022279271CA008FFEDD /* Sources */,
				A5561023279271CA008FFEDD /* Frameworks */,
				A5561024279271CA008FFEDD /* Resources */,
			);
			buildRules = (
			);
			dependencies = (
			);
			name = TableViewMusicPlayer;
			productName = TableViewMusicPlayer;
			productReference = A5561026279271CA008FFEDD /* TableViewMusicPlayer.app */;
			productType = "com.apple.product-type.application";
		};
/* End PBXNativeTarget section */

/* Begin PBXProject section */
		A556101E279271CA008FFEDD /* Project object */ = {
			isa = PBXProject;
			attributes = {
				BuildIndependentTargetsInParallel = 1;
				LastSwiftUpdateCheck = 1310;
				LastUpgradeCheck = 1310;
				TargetAttributes = {
					A5561025279271CA008FFEDD = {
						CreatedOnToolsVersion = 13.1;
					};
				};
			};
			buildConfigurationList = A5561021279271CA008FFEDD /* Build configuration list for PBXProject "TableViewMusicPlayer" */;
			compatibilityVersion = "Xcode 13.0";
			developmentRegion = en;
			hasScannedForEncodings = 0;
			knownRegions = (
				en,
				Base,
			);
			mainGroup = A556101D279271CA008FFEDD;
			productRefGroup = A5561027279271CA008FFEDD /* Products */;
			projectDirPath = "";
			projectRoot = "";
			targets = (
				A5561025279271CA008FFEDD /* TableViewMusicPlayer */,
			);
		};
/* End PBXProject section */

/* Begin PBXResourcesBuildPhase section */
		A5561024279271CA008FFEDD /* Resources */ = {
			isa = PBXResourcesBuildPhase;
			buildActionMask = 2147483647;
			files = (
				A5561036279271CD008FFEDD /* LaunchScreen.storyboard in Resources */,
				A5561033279271CD008FFEDD /* Assets.xcassets in Resources */,
				A5561031279271CA008FFEDD /* Main.storyboard in Resources */,
			);
			runOnlyForDeploymentPostprocessing = 0;
		};
/* End PBXResourcesBuildPhase section */

/* Begin PBXSourcesBuildPhase section */
		A5561022279271CA008FFEDD /* Sources */ = {
			isa = PBXSourcesBuildPhase;
			buildActionMask = 2147483647;
			files = (
				A537FFCF2794857A009EB611 /* playListWebViewController.swift in Sources */,
				A556103E2792721E008FFEDD /* songInfo.swift in Sources */,
				A556102E279271CA008FFEDD /* ViewController.swift in Sources */,
				A556102A279271CA008FFEDD /* AppDelegate.swift in Sources */,
				A556102C279271CA008FFEDD /* SceneDelegate.swift in Sources */,
				A5561040279275F4008FFEDD /* playListTableViewController.swift in Sources */,
				A5965D8B2792A4D700AE92EB /* playListTableViewCell.swift in Sources */,
			);
			runOnlyForDeploymentPostprocessing = 0;
		};
/* End PBXSourcesBuildPhase section */

/* Begin PBXVariantGroup section */
		A556102F279271CA008FFEDD /* Main.storyboard */ = {
			isa = PBXVariantGroup;
			children = (
				A5561030279271CA008FFEDD /* Base */,
			);
			name = Main.storyboard;
			sourceTree = "<group>";
		};
		A5561034279271CD008FFEDD /* LaunchScreen.storyboard */ = {
			isa = PBXVariantGroup;
			children = (
				A5561035279271CD008FFEDD /* Base */,
			);
			name = LaunchScreen.storyboard;
			sourceTree = "<group>";
		};
/* End PBXVariantGroup section */

/* Begin XCBuildConfiguration section */
		A5561038279271CD008FFEDD /* Debug */ = {
			isa = XCBuildConfiguration;
			buildSettings = {
				ALWAYS_SEARCH_USER_PATHS = NO;
				CLANG_ANALYZER_NONNULL = YES;
				CLANG_ANALYZER_NUMBER_OBJECT_CONVERSION = YES_AGGRESSIVE;
				CLANG_CXX_LANGUAGE_STANDARD = "gnu++17";
				CLANG_CXX_LIBRARY = "libc++";
				CLANG_ENABLE_MODULES = YES;
				CLANG_ENABLE_OBJC_ARC = YES;
				CLANG_ENABLE_OBJC_WEAK = YES;
				CLANG_WARN_BLOCK_CAPTURE_AUTORELEASING = YES;
				CLANG_WARN_BOOL_CONVERSION = YES;
				CLANG_WARN_COMMA = YES;
				CLANG_WARN_CONSTANT_CONVERSION = YES;
				CLANG_WARN_DEPRECATED_OBJC_IMPLEMENTATIONS = YES;
				CLANG_WARN_DIRECT_OBJC_ISA_USAGE = YES_ERROR;
				CLANG_WARN_DOCUMENTATION_COMMENTS = YES;
				CLANG_WARN_EMPTY_BODY = YES;
				CLANG_WARN_ENUM_CONVERSION = YES;
				CLANG_WARN_INFINITE_RECURSION = YES;
				CLANG_WARN_INT_CONVERSION = YES;
				CLANG_WARN_NON_LITERAL_NULL_CONVERSION = YES;
				CLANG_WARN_OBJC_IMPLICIT_RETAIN_SELF = YES;
				CLANG_WARN_OBJC_LITERAL_CONVERSION = YES;
				CLANG_WARN_OBJC_ROOT_CLASS = YES_ERROR;
				CLANG_WARN_QUOTED_INCLUDE_IN_FRAMEWORK_HEADER = YES;
				CLANG_WARN_RANGE_LOOP_ANALYSIS = YES;
				CLANG_WARN_STRICT_PROTOTYPES = YES;
				CLANG_WARN_SUSPICIOUS_MOVE = YES;
				CLANG_WARN_UNGUARDED_AVAILABILITY = YES_AGGRESSIVE;
				CLANG_WARN_UNREACHABLE_CODE = YES;
				CLANG_WARN__DUPLICATE_METHOD_MATCH = YES;
				COPY_PHASE_STRIP = NO;
				DEBUG_INFORMATION_FORMAT = dwarf;
				ENABLE_STRICT_OBJC_MSGSEND = YES;
				ENABLE_TESTABILITY = YES;
				GCC_C_LANGUAGE_STANDARD = gnu11;
				GCC_DYNAMIC_NO_PIC = NO;
				GCC_NO_COMMON_BLOCKS = YES;
				GCC_OPTIMIZATION_LEVEL = 0;
				GCC_PREPROCESSOR_DEFINITIONS = (
					"DEBUG=1",
					"$(inherited)",
				);
				GCC_WARN_64_TO_32_BIT_CONVERSION = YES;
				GCC_WARN_ABOUT_RETURN_TYPE = YES_ERROR;
				GCC_WARN_UNDECLARED_SELECTOR = YES;
				GCC_WARN_UNINITIALIZED_AUTOS = YES_AGGRESSIVE;
				GCC_WARN_UNUSED_FUNCTION = YES;
				GCC_WARN_UNUSED_VARIABLE = YES;
				IPHONEOS_DEPLOYMENT_TARGET = 15.0;
				MTL_ENABLE_DEBUG_INFO = INCLUDE_SOURCE;
				MTL_FAST_MATH = YES;
				ONLY_ACTIVE_ARCH = YES;
				SDKROOT = iphoneos;
				SWIFT_ACTIVE_COMPILATION_CONDITIONS = DEBUG;
				SWIFT_OPTIMIZATION_LEVEL = "-Onone";
			};
			name = Debug;
		};
		A5561039279271CD008FFEDD /* Release */ = {
			isa = XCBuildConfiguration;
			buildSettings = {
				ALWAYS_SEARCH_USER_PATHS = NO;
				CLANG_ANALYZER_NONNULL = YES;
				CLANG_ANALYZER_NUMBER_OBJECT_CONVERSION = YES_AGGRESSIVE;
				CLANG_CXX_LANGUAGE_STANDARD = "gnu++17";
				CLANG_CXX_LIBRARY = "libc++";
				CLANG_ENABLE_MODULES = YES;
				CLANG_ENABLE_OBJC_ARC = YES;
				CLANG_ENABLE_OBJC_WEAK = YES;
				CLANG_WARN_BLOCK_CAPTURE_AUTORELEASING = YES;
				CLANG_WARN_BOOL_CONVERSION = YES;
				CLANG_WARN_COMMA = YES;
				CLANG_WARN_CONSTANT_CONVERSION = YES;
				CLANG_WARN_DEPRECATED_OBJC_IMPLEMENTATIONS = YES;
				CLANG_WARN_DIRECT_OBJC_ISA_USAGE = YES_ERROR;
				CLANG_WARN_DOCUMENTATION_COMMENTS = YES;
				CLANG_WARN_EMPTY_BODY = YES;
				CLANG_WARN_ENUM_CONVERSION = YES;
				CLANG_WARN_INFINITE_RECURSION = YES;
				CLANG_WARN_INT_CONVERSION = YES;
				CLANG_WARN_NON_LITERAL_NULL_CONVERSION = YES;
				CLANG_WARN_OBJC_IMPLICIT_RETAIN_SELF = YES;
				CLANG_WARN_OBJC_LITERAL_CONVERSION = YES;
				CLANG_WARN_OBJC_ROOT_CLASS = YES_ERROR;
				CLANG_WARN_QUOTED_INCLUDE_IN_FRAMEWORK_HEADER = YES;
				CLANG_WARN_RANGE_LOOP_ANALYSIS = YES;
				CLANG_WARN_STRICT_PROTOTYPES = YES;
				CLANG_WARN_SUSPICIOUS_MOVE = YES;
				CLANG_WARN_UNGUARDED_AVAILABILITY = YES_AGGRESSIVE;
				CLANG_WARN_UNREACHABLE_CODE = YES;
				CLANG_WARN__DUPLICATE_METHOD_MATCH = YES;
				COPY_PHASE_STRIP = NO;
				DEBUG_INFORMATION_FORMAT = "dwarf-with-dsym";
				ENABLE_NS_ASSERTIONS = NO;
				ENABLE_STRICT_OBJC_MSGSEND = YES;
				GCC_C_LANGUAGE_STANDARD = gnu11;
				GCC_NO_COMMON_BLOCKS = YES;
				GCC_WARN_64_TO_32_BIT_CONVERSION = YES;
				GCC_WARN_ABOUT_RETURN_TYPE = YES_ERROR;
				GCC_WARN_UNDECLARED_SELECTOR = YES;
				GCC_WARN_UNINITIALIZED_AUTOS = YES_AGGRESSIVE;
				GCC_WARN_UNUSED_FUNCTION = YES;
				GCC_WARN_UNUSED_VARIABLE = YES;
				IPHONEOS_DEPLOYMENT_TARGET = 15.0;
				MTL_ENABLE_DEBUG_INFO = NO;
				MTL_FAST_MATH = YES;
				SDKROOT = iphoneos;
				SWIFT_COMPILATION_MODE = wholemodule;
				SWIFT_OPTIMIZATION_LEVEL = "-O";
				VALIDATE_PRODUCT = YES;
			};
			name = Release;
		};
		A556103B279271CD008FFEDD /* Debug */ = {
			isa = XCBuildConfiguration;
			buildSettings = {
				ASSETCATALOG_COMPILER_APPICON_NAME = AppIcon;
				ASSETCATALOG_COMPILER_GLOBAL_ACCENT_COLOR_NAME = AccentColor;
				CODE_SIGN_STYLE = Automatic;
				CURRENT_PROJECT_VERSION = 1;
				GENERATE_INFOPLIST_FILE = YES;
				INFOPLIST_FILE = TableViewMusicPlayer/Info.plist;
				INFOPLIST_KEY_UIApplicationSupportsIndirectInputEvents = YES;
				INFOPLIST_KEY_UILaunchStoryboardName = LaunchScreen;
				INFOPLIST_KEY_UIMainStoryboardFile = Main;
				INFOPLIST_KEY_UISupportedInterfaceOrientations_iPad = "UIInterfaceOrientationPortrait UIInterfaceOrientationPortraitUpsideDown UIInterfaceOrientationLandscapeLeft UIInterfaceOrientationLandscapeRight";
				INFOPLIST_KEY_UISupportedInterfaceOrientations_iPhone = "UIInterfaceOrientationPortrait UIInterfaceOrientationLandscapeLeft UIInterfaceOrientationLandscapeRight";
				LD_RUNPATH_SEARCH_PATHS = (
					"$(inherited)",
					"@executable_path/Frameworks",
				);
				MARKETING_VERSION = 1.0;
				PRODUCT_BUNDLE_IDENTIFIER = hoodie.TableViewMusicPlayer;
				PRODUCT_NAME = "$(TARGET_NAME)";
				SWIFT_EMIT_LOC_STRINGS = YES;
				SWIFT_VERSION = 5.0;
				TARGETED_DEVICE_FAMILY = "1,2";
			};
			name = Debug;
		};
		A556103C279271CD008FFEDD /* Release */ = {
			isa = XCBuildConfiguration;
			buildSettings = {
				ASSETCATALOG_COMPILER_APPICON_NAME = AppIcon;
				ASSETCATALOG_COMPILER_GLOBAL_ACCENT_COLOR_NAME = AccentColor;
				CODE_SIGN_STYLE = Automatic;
				CURRENT_PROJECT_VERSION = 1;
				GENERATE_INFOPLIST_FILE = YES;
				INFOPLIST_FILE = TableViewMusicPlayer/Info.plist;
				INFOPLIST_KEY_UIApplicationSupportsIndirectInputEvents = YES;
				INFOPLIST_KEY_UILaunchStoryboardName = LaunchScreen;
				INFOPLIST_KEY_UIMainStoryboardFile = Main;
				INFOPLIST_KEY_UISupportedInterfaceOrientations_iPad = "UIInterfaceOrientationPortrait UIInterfaceOrientationPortraitUpsideDown UIInterfaceOrientationLandscapeLeft UIInterfaceOrientationLandscapeRight";
				INFOPLIST_KEY_UISupportedInterfaceOrientations_iPhone = "UIInterfaceOrientationPortrait UIInterfaceOrientationLandscapeLeft UIInterfaceOrientationLandscapeRight";
				LD_RUNPATH_SEARCH_PATHS = (
					"$(inherited)",
					"@executable_path/Frameworks",
				);
				MARKETING_VERSION = 1.0;
				PRODUCT_BUNDLE_IDENTIFIER = hoodie.TableViewMusicPlayer;
				PRODUCT_NAME = "$(TARGET_NAME)";
				SWIFT_EMIT_LOC_STRINGS = YES;
				SWIFT_VERSION = 5.0;
				TARGETED_DEVICE_FAMILY = "1,2";
			};
			name = Release;
		};
/* End XCBuildConfiguration section */

/* Begin XCConfigurationList section */
		A5561021279271CA008FFEDD /* Build configuration list for PBXProject "TableViewMusicPlayer" */ = {
			isa = XCConfigurationList;
			buildConfigurations = (
				A5561038279271CD008FFEDD /* Debug */,
				A5561039279271CD008FFEDD /* Release */,
			);
			defaultConfigurationIsVisible = 0;
			defaultConfigurationName = Release;
		};
		A556103A279271CD008FFEDD /* Build configuration list for PBXNativeTarget "TableViewMusicPlayer" */ = {
			isa = XCConfigurationList;
			buildConfigurations = (
				A556103B279271CD008FFEDD /* Debug */,
				A556103C279271CD008FFEDD /* Release */,
			);
			defaultConfigurationIsVisible = 0;
			defaultConfigurationName = Release;
		};
/* End XCConfigurationList section */
	};
	rootObject = A556101E279271CA008FFEDD /* Project object */;
}
